
Microsoft Visual Studio Solution File, Format Version 12.00
# Visual Studio Version 17
VisualStudioVersion = 17.2.32616.157
MinimumVisualStudioVersion = 10.0.40219.1
Project("{FAE04EC0-301F-11D3-BF4B-00C04F79EFBC}") = "timesloucuratotal", "timesloucuratotal\timesloucuratotal.csproj", "{B1478529-D3BD-437F-AA70-4FC72F2BF3EA}"
EndProject
Global
	GlobalSection(SolutionConfigurationPlatforms) = preSolution
		Debug|Any CPU = Debug|Any CPU
		Release|Any CPU = Release|Any CPU
	EndGlobalSection
	GlobalSection(ProjectConfigurationPlatforms) = postSolution
		{B1478529-D3BD-437F-AA70-4FC72F2BF3EA}.Debug|Any CPU.ActiveCfg = Debug|Any CPU
		{B1478529-D3BD-437F-AA70-4FC72F2BF3EA}.Debug|Any CPU.Build.0 = Debug|Any CPU
		{B1478529-D3BD-437F-AA70-4FC72F2BF3EA}.Release|Any CPU.ActiveCfg = Release|Any CPU
		{B1478529-D3BD-437F-AA70-4FC72F2BF3EA}.Release|Any CPU.Build.0 = Release|Any CPU
	EndGlobalSection
	GlobalSection(SolutionProperties) = preSolution
		HideSolutionNode = FALSE
	EndGlobalSection
	GlobalSection(ExtensibilityGlobals) = postSolution
		SolutionGuid = {655A2553-EC11-4318-87CA-3C4B18E8D6D6}
	EndGlobalSection
EndGlobal
